
Microsoft Visual Studio Solution File, Format Version 12.00
# Visual Studio Version 17
VisualStudioVersion = 17.7.34221.43
MinimumVisualStudioVersion = 10.0.40219.1
Project("{FAE04EC0-301F-11D3-BF4B-00C04F79EFBC}") = "2", "2.csproj", "{FEF3F5D5-6B44-445B-94F0-247E9C6F1FEF}"
EndProject
Global
	GlobalSection(SolutionConfigurationPlatforms) = preSolution
		Debug|Any CPU = Debug|Any CPU
		Release|Any CPU = Release|Any CPU
	EndGlobalSection
	GlobalSection(ProjectConfigurationPlatforms) = postSolution
		{FEF3F5D5-6B44-445B-94F0-247E9C6F1FEF}.Debug|Any CPU.ActiveCfg = Debug|Any CPU
		{FEF3F5D5-6B44-445B-94F0-247E9C6F1FEF}.Debug|Any CPU.Build.0 = Debug|Any CPU
		{FEF3F5D5-6B44-445B-94F0-247E9C6F1FEF}.Release|Any CPU.ActiveCfg = Release|Any CPU
		{FEF3F5D5-6B44-445B-94F0-247E9C6F1FEF}.Release|Any CPU.Build.0 = Release|Any CPU
	EndGlobalSection
	GlobalSection(SolutionProperties) = preSolution
		HideSolutionNode = FALSE
	EndGlobalSection
	GlobalSection(ExtensibilityGlobals) = postSolution
		SolutionGuid = {B38E8129-F481-4068-8A19-5AD71DD60245}
	EndGlobalSection
EndGlobal
